Microsoft Visual Studio Solution File, Format Version 12.00
# Visual Studio Version 17
VisualStudioVersion = 17.5.2.0
MinimumVisualStudioVersion = 10.0.40219.1
Project("{FAE04EC0-301F-11D3-BF4B-00C04F79EFBC}") = "ReworkApp.Web", "ReworkApp.Web\ReworkApp.Web.csproj", "{C2526EBF-B919-CFA3-1428-054813292FEB}"
EndProject
Global
	GlobalSection(SolutionConfigurationPlatforms) = preSolution
		Debug|Any CPU = Debug|Any CPU
		Release|Any CPU = Release|Any CPU
	EndGlobalSection
	GlobalSection(ProjectConfigurationPlatforms) = postSolution
		{C2526EBF-B919-CFA3-1428-054813292FEB}.Debug|Any CPU.ActiveCfg = Debug|Any CPU
		{C2526EBF-B919-CFA3-1428-054813292FEB}.Debug|Any CPU.Build.0 = Debug|Any CPU
		{C2526EBF-B919-CFA3-1428-054813292FEB}.Release|Any CPU.ActiveCfg = Release|Any CPU
		{C2526EBF-B919-CFA3-1428-054813292FEB}.Release|Any CPU.Build.0 = Release|Any CPU
	EndGlobalSection
	GlobalSection(SolutionProperties) = preSolution
		HideSolutionNode = FALSE
	EndGlobalSection
	GlobalSection(ExtensibilityGlobals) = postSolution
		SolutionGuid = {028B2665-9D14-46C0-84AE-31D49739352B}
	EndGlobalSection
EndGlobal
